Microsoft Visual Studio Solution File, Format Version 12.00
# Visual Studio Version 17
VisualStudioVersion = 17.0.31903.59
MinimumVisualStudioVersion = 10.0.40219.1
Project("{FAE04EC0-301F-11D3-BF4B-00C04F79EFBC}") = "SysDoctor", "SysDoctor\SysDoctor.csproj", "{72A4B947-39C8-4801-94B0-D3A46E38E579}"
EndProject
